
Microsoft Visual Studio Solution File, Format Version 12.00
# Visual Studio Version 16
VisualStudioVersion = 25.0.1700.6
MinimumVisualStudioVersion = 10.0.40219.1
Project("{FAE04EC0-301F-11D3-BF4B-00C04F79EFBC}") = "consolaNet", "consolaNet\consolaNet.csproj", "{A24D4F89-F699-4FAB-85AE-90E56E72146E}"
EndProject
Global
	GlobalSection(SolutionConfigurationPlatforms) = preSolution
		Debug|Any CPU = Debug|Any CPU
		Release|Any CPU = Release|Any CPU
	EndGlobalSection
	GlobalSection(ProjectConfigurationPlatforms) = postSolution
		{A24D4F89-F699-4FAB-85AE-90E56E72146E}.Debug|Any CPU.ActiveCfg = Debug|Any CPU
		{A24D4F89-F699-4FAB-85AE-90E56E72146E}.Debug|Any CPU.Build.0 = Debug|Any CPU
		{A24D4F89-F699-4FAB-85AE-90E56E72146E}.Release|Any CPU.ActiveCfg = Release|Any CPU
		{A24D4F89-F699-4FAB-85AE-90E56E72146E}.Release|Any CPU.Build.0 = Release|Any CPU
	EndGlobalSection
	GlobalSection(SolutionProperties) = preSolution
		HideSolutionNode = FALSE
	EndGlobalSection
	GlobalSection(ExtensibilityGlobals) = postSolution
		SolutionGuid = {DC257CEF-ED53-4FF4-AD86-5F3A73CB6BF5}
	EndGlobalSection
EndGlobal
